// !$*UTF8*$!
{
	archiveVersion = 1;
	classes = {
	};
	objectVersion = 50;
	objects = {

/* Begin PBXBuildFile section */
		FF3937EE22F49DF100CD3540 /* Store.plist in Resources */ = {isa = PBXBuildFile; fileRef = FF3937ED22F49DF100CD3540 /* Store.plist */; };
		FFEA88DC22F2F62400E4A590 /* AppDelegate.swift in Sources */ = {isa = PBXBuildFile; fileRef = FFEA88DB22F2F62400E4A590 /* AppDelegate.swift */; };
		FFEA88DE22F2F62400E4A590 /* ProductListController.swift in Sources */ = {isa = PBXBuildFile; fileRef = FFEA88DD22F2F62400E4A590 /* ProductListController.swift */; };
		FFEA88E122F2F62400E4A590 /* Main.storyboard in Resources */ = {isa = PBXBuildFile; fileRef = FFEA88DF22F2F62400E4A590 /* Main.storyboard */; };
		FFEA88E622F2F62800E4A590 /* LaunchScreen.storyboard in Resources */ = {isa = PBXBuildFile; fileRef = FFEA88E422F2F62800E4A590 /* LaunchScreen.storyboard */; };
		FFEA88EF22F2F84C00E4A590 /* Product.swift in Sources */ = {isa = PBXBuildFile; fileRef = FFEA88EE22F2F84C00E4A590 /* Product.swift */; };
		FFEA88F122F2FF5D00E4A590 /* Store.swift in Sources */ = {isa = PBXBuildFile; fileRef = FFEA88F022F2FF5D00E4A590 /* Store.swift */; };
		FFEA88F322F302E200E4A590 /* ProductExtensions.swift in Sources */ = {isa = PBXBuildFile; fileRef = FFEA88F222F302E200E4A590 /* ProductExtensions.swift */; };
		FFEA890222F3053E00E4A590 /* SaveProductFileOperation.swift in Sources */ = {isa = PBXBuildFile; fileRef = FFEA88F622F3053E00E4A590 /* SaveProductFileOperation.swift */; };
		FFEA890322F3053E00E4A590 /* LoadProductsFileOperation.swift in Sources */ = {isa = PBXBuildFile; fileRef = FFEA88F722F3053E00E4A590 /* LoadProductsFileOperation.swift */; };
		FFEA890422F3053E00E4A590 /* BaseFileOperation.swift in Sources */ = {isa = PBXBuildFile; fileRef = FFEA88F822F3053E00E4A590 /* BaseFileOperation.swift */; };
		FFEA890522F3053E00E4A590 /* RemoveProductFileOperation.swift in Sources */ = {isa = PBXBuildFile; fileRef = FFEA88F922F3053E00E4A590 /* RemoveProductFileOperation.swift */; };
		FFEA890822F3053E00E4A590 /* AsyncOperation.swift in Sources */ = {isa = PBXBuildFile; fileRef = FFEA88FC22F3053E00E4A590 /* AsyncOperation.swift */; };
		FFEA891622F3153500E4A590 /* ProductTableViewCell.swift in Sources */ = {isa = PBXBuildFile; fileRef = FFEA891422F3153500E4A590 /* ProductTableViewCell.swift */; };
		FFEA891722F3153500E4A590 /* ProductTableViewCell.xib in Resources */ = {isa = PBXBuildFile; fileRef = FFEA891522F3153500E4A590 /* ProductTableViewCell.xib */; };
		FFEA891A22F35C3D00E4A590 /* ProductDetailController.swift in Sources */ = {isa = PBXBuildFile; fileRef = FFEA891922F35C3D00E4A590 /* ProductDetailController.swift */; };
		FFEA891C22F3903000E4A590 /* Assets.xcassets in Resources */ = {isa = PBXBuildFile; fileRef = FFEA891B22F3903000E4A590 /* Assets.xcassets */; };
/* End PBXBuildFile section */

/* Begin PBXFileReference section */
		FF3937ED22F49DF100CD3540 /* Store.plist */ = {isa = PBXFileReference; lastKnownFileType = text.plist.xml; path = Store.plist; sourceTree = "<group>"; };
		FFEA88D822F2F62400E4A590 /* Horse Shop.app */ = {isa = PBXFileReference; explicitFileType = wrapper.application; includeInIndex = 0; path = "Horse Shop.app"; sourceTree = BUILT_PRODUCTS_DIR; };
		FFEA88DB22F2F62400E4A590 /* AppDelegate.swift */ = {isa = PBXFileReference; lastKnownFileType = sourcecode.swift; path = AppDelegate.swift; sourceTree = "<group>"; };
		FFEA88DD22F2F62400E4A590 /* ProductListController.swift */ = {isa = PBXFileReference; lastKnownFileType = sourcecode.swift; path = ProductListController.swift; sourceTree = "<group>"; };
		FFEA88E022F2F62400E4A590 /* Base */ = {isa = PBXFileReference; lastKnownFileType = file.storyboard; name = Base; path = Base.lproj/Main.storyboard; sourceTree = "<group>"; };
		FFEA88E522F2F62800E4A590 /* Base */ = {isa = PBXFileReference; lastKnownFileType = file.storyboard; name = Base; path = Base.lproj/LaunchScreen.storyboard; sourceTree = "<group>"; };
		FFEA88E722F2F62800E4A590 /* Info.plist */ = {isa = PBXFileReference; lastKnownFileType = text.plist.xml; path = Info.plist; sourceTree = "<group>"; };
		FFEA88EE22F2F84C00E4A590 /* Product.swift */ = {isa = PBXFileReference; lastKnownFileType = sourcecode.swift; path = Product.swift; sourceTree = "<group>"; };
		FFEA88F022F2FF5D00E4A590 /* Store.swift */ = {isa = PBXFileReference; lastKnownFileType = sourcecode.swift; path = Store.swift; sourceTree = "<group>"; };
		FFEA88F222F302E200E4A590 /* ProductExtensions.swift */ = {isa = PBXFileReference; lastKnownFileType = sourcecode.swift; path = ProductExtensions.swift; sourceTree = "<group>"; };
		FFEA88F622F3053E00E4A590 /* SaveProductFileOperation.swift */ = {isa = PBXFileReference; fileEncoding = 4; lastKnownFileType = sourcecode.swift; path = SaveProductFileOperation.swift; sourceTree = "<group>"; };
		FFEA88F722F3053E00E4A590 /* LoadProductsFileOperation.swift */ = {isa = PBXFileReference; fileEncoding = 4; lastKnownFileType = sourcecode.swift; path = LoadProductsFileOperation.swift; sourceTree = "<group>"; };
		FFEA88F822F3053E00E4A590 /* BaseFileOperation.swift */ = {isa = PBXFileReference; fileEncoding = 4; lastKnownFileType = sourcecode.swift; path = BaseFileOperation.swift; sourceTree = "<group>"; };
		FFEA88F922F3053E00E4A590 /* RemoveProductFileOperation.swift */ = {isa = PBXFileReference; fileEncoding = 4; lastKnownFileType = sourcecode.swift; path = RemoveProductFileOperation.swift; sourceTree = "<group>"; };
		FFEA88FC22F3053E00E4A590 /* AsyncOperation.swift */ = {isa = PBXFileReference; fileEncoding = 4; lastKnownFileType = sourcecode.swift; path = AsyncOperation.swift; sourceTree = "<group>"; };
		FFEA891422F3153500E4A590 /* ProductTableViewCell.swift */ = {isa = PBXFileReference; lastKnownFileType = sourcecode.swift; path = ProductTableViewCell.swift; sourceTree = "<group>"; };
		FFEA891522F3153500E4A590 /* ProductTableViewCell.xib */ = {isa = PBXFileReference; lastKnownFileType = file.xib; path = ProductTableViewCell.xib; sourceTree = "<group>"; };
		FFEA891922F35C3D00E4A590 /* ProductDetailController.swift */ = {isa = PBXFileReference; lastKnownFileType = sourcecode.swift; path = ProductDetailController.swift; sourceTree = "<group>"; };
		FFEA891B22F3903000E4A590 /* Assets.xcassets */ = {isa = PBXFileReference; lastKnownFileType = folder.assetcatalog; path = Assets.xcassets; sourceTree = "<group>"; };
/* End PBXFileReference section */

/* Begin PBXFrameworksBuildPhase section */
		FFEA88D522F2F62400E4A590 /* Frameworks */ = {
			isa = PBXFrameworksBuildPhase;
			buildActionMask = 2147483647;
			files = (
			);
			runOnlyForDeploymentPostprocessing = 0;
		};
/* End PBXFrameworksBuildPhase section */

/* Begin PBXGroup section */
		FFEA88CF22F2F62400E4A590 = {
			isa = PBXGroup;
			children = (
				FFEA88DA22F2F62400E4A590 /* Horse Shop */,
				FFEA88D922F2F62400E4A590 /* Products */,
			);
			sourceTree = "<group>";
		};
		FFEA88D922F2F62400E4A590 /* Products */ = {
			isa = PBXGroup;
			children = (
				FFEA88D822F2F62400E4A590 /* Horse Shop.app */,
			);
			name = Products;
			sourceTree = "<group>";
		};
		FFEA88DA22F2F62400E4A590 /* Horse Shop */ = {
			isa = PBXGroup;
			children = (
				FF3937ED22F49DF100CD3540 /* Store.plist */,
				FFEA891B22F3903000E4A590 /* Assets.xcassets */,
				FFEA891822F35C1500E4A590 /* Product Detail */,
				FFEA890E22F312DF00E4A590 /* Product list */,
				FFEA890D22F312BD00E4A590 /* Story board */,
				FFEA88F422F3053E00E4A590 /* Operations */,
				FFEA88ED22F2F82500E4A590 /* Model */,
				FFEA88DB22F2F62400E4A590 /* AppDelegate.swift */,
				FFEA88E722F2F62800E4A590 /* Info.plist */,
			);
			path = "Horse Shop";
			sourceTree = "<group>";
		};
		FFEA88ED22F2F82500E4A590 /* Model */ = {
			isa = PBXGroup;
			children = (
				FFEA88EE22F2F84C00E4A590 /* Product.swift */,
				FFEA88F022F2FF5D00E4A590 /* Store.swift */,
				FFEA88F222F302E200E4A590 /* ProductExtensions.swift */,
			);
			path = Model;
			sourceTree = "<group>";
		};
		FFEA88F422F3053E00E4A590 /* Operations */ = {
			isa = PBXGroup;
			children = (
				FFEA88F522F3053E00E4A590 /* FileOperations */,
				FFEA88FC22F3053E00E4A590 /* AsyncOperation.swift */,
			);
			path = Operations;
			sourceTree = "<group>";
		};
		FFEA88F522F3053E00E4A590 /* FileOperations */ = {
			isa = PBXGroup;
			children = (
				FFEA88F822F3053E00E4A590 /* BaseFileOperation.swift */,
				FFEA88F722F3053E00E4A590 /* LoadProductsFileOperation.swift */,
				FFEA88F622F3053E00E4A590 /* SaveProductFileOperation.swift */,
				FFEA88F922F3053E00E4A590 /* RemoveProductFileOperation.swift */,
			);
			path = FileOperations;
			sourceTree = "<group>";
		};
		FFEA890D22F312BD00E4A590 /* Story board */ = {
			isa = PBXGroup;
			children = (
				FFEA88DF22F2F62400E4A590 /* Main.storyboard */,
				FFEA88E422F2F62800E4A590 /* LaunchScreen.storyboard */,
			);
			path = "Story board";
			sourceTree = "<group>";
		};
		FFEA890E22F312DF00E4A590 /* Product list */ = {
			isa = PBXGroup;
			children = (
				FFEA890F22F3149900E4A590 /* Product table cell */,
				FFEA88DD22F2F62400E4A590 /* ProductListController.swift */,
			);
			path = "Product list";
			sourceTree = "<group>";
		};
		FFEA890F22F3149900E4A590 /* Product table cell */ = {
			isa = PBXGroup;
			children = (
				FFEA891422F3153500E4A590 /* ProductTableViewCell.swift */,
				FFEA891522F3153500E4A590 /* ProductTableViewCell.xib */,
			);
			path = "Product table cell";
			sourceTree = "<group>";
		};
		FFEA891822F35C1500E4A590 /* Product Detail */ = {
			isa = PBXGroup;
			children = (
				FFEA891922F35C3D00E4A590 /* ProductDetailController.swift */,
			);
			path = "Product Detail";
			sourceTree = "<group>";
		};
/* End PBXGroup section */

/* Begin PBXNativeTarget section */
		FFEA88D722F2F62400E4A590 /* Horse Shop */ = {
			isa = PBXNativeTarget;
			buildConfigurationList = FFEA88EA22F2F62800E4A590 /* Build configuration list for PBXNativeTarget "Horse Shop" */;
			buildPhases = (
				FFEA88D422F2F62400E4A590 /* Sources */,
				FFEA88D522F2F62400E4A590 /* Frameworks */,
				FFEA88D622F2F62400E4A590 /* Resources */,
			);
			buildRules = (
			);
			dependencies = (
			);
			name = "Horse Shop";
			productName = "Horse Shop";
			productReference = FFEA88D822F2F62400E4A590 /* Horse Shop.app */;
			productType = "com.apple.product-type.application";
		};
/* End PBXNativeTarget section */

/* Begin PBXProject section */
		FFEA88D022F2F62400E4A590 /* Project object */ = {
			isa = PBXProject;
			attributes = {
				LastSwiftUpdateCheck = 1030;
				LastUpgradeCheck = 1030;
				ORGANIZATIONNAME = "Natalia Kazakova";
				TargetAttributes = {
					FFEA88D722F2F62400E4A590 = {
						CreatedOnToolsVersion = 10.3;
					};
				};
			};
			buildConfigurationList = FFEA88D322F2F62400E4A590 /* Build configuration list for PBXProject "Horse Shop" */;
			compatibilityVersion = "Xcode 9.3";
			developmentRegion = en;
			hasScannedForEncodings = 0;
			knownRegions = (
				en,
				Base,
			);
			mainGroup = FFEA88CF22F2F62400E4A590;
			productRefGroup = FFEA88D922F2F62400E4A590 /* Products */;
			projectDirPath = "";
			projectRoot = "";
			targets = (
				FFEA88D722F2F62400E4A590 /* Horse Shop */,
			);
		};
/* End PBXProject section */

/* Begin PBXResourcesBuildPhase section */
		FFEA88D622F2F62400E4A590 /* Resources */ = {
			isa = PBXResourcesBuildPhase;
			buildActionMask = 2147483647;
			files = (
				FF3937EE22F49DF100CD3540 /* Store.plist in Resources */,
				FFEA88E622F2F62800E4A590 /* LaunchScreen.storyboard in Resources */,
				FFEA891722F3153500E4A590 /* ProductTableViewCell.xib in Resources */,
				FFEA891C22F3903000E4A590 /* Assets.xcassets in Resources */,
				FFEA88E122F2F62400E4A590 /* Main.storyboard in Resources */,
			);
			runOnlyForDeploymentPostprocessing = 0;
		};
/* End PBXResourcesBuildPhase section */

/* Begin PBXSourcesBuildPhase section */
		FFEA88D422F2F62400E4A590 /* Sources */ = {
			isa = PBXSourcesBuildPhase;
			buildActionMask = 2147483647;
			files = (
				FFEA890222F3053E00E4A590 /* SaveProductFileOperation.swift in Sources */,
				FFEA88DE22F2F62400E4A590 /* ProductListController.swift in Sources */,
				FFEA890422F3053E00E4A590 /* BaseFileOperation.swift in Sources */,
				FFEA890522F3053E00E4A590 /* RemoveProductFileOperation.swift in Sources */,
				FFEA891A22F35C3D00E4A590 /* ProductDetailController.swift in Sources */,
				FFEA88F322F302E200E4A590 /* ProductExtensions.swift in Sources */,
				FFEA890322F3053E00E4A590 /* LoadProductsFileOperation.swift in Sources */,
				FFEA88DC22F2F62400E4A590 /* AppDelegate.swift in Sources */,
				FFEA891622F3153500E4A590 /* ProductTableViewCell.swift in Sources */,
				FFEA88EF22F2F84C00E4A590 /* Product.swift in Sources */,
				FFEA890822F3053E00E4A590 /* AsyncOperation.swift in Sources */,
				FFEA88F122F2FF5D00E4A590 /* Store.swift in Sources */,
			);
			runOnlyForDeploymentPostprocessing = 0;
		};
/* End PBXSourcesBuildPhase section */

/* Begin PBXVariantGroup section */
		FFEA88DF22F2F62400E4A590 /* Main.storyboard */ = {
			isa = PBXVariantGroup;
			children = (
				FFEA88E022F2F62400E4A590 /* Base */,
			);
			name = Main.storyboard;
			sourceTree = "<group>";
		};
		FFEA88E422F2F62800E4A590 /* LaunchScreen.storyboard */ = {
			isa = PBXVariantGroup;
			children = (
				FFEA88E522F2F62800E4A590 /* Base */,
			);
			name = LaunchScreen.storyboard;
			sourceTree = "<group>";
		};
/* End PBXVariantGroup section */

/* Begin XCBuildConfiguration section */
		FFEA88E822F2F62800E4A590 /* Debug */ = {
			isa = XCBuildConfiguration;
			buildSettings = {
				ALWAYS_SEARCH_USER_PATHS = NO;
				CLANG_ANALYZER_NONNULL = YES;
				CLANG_ANALYZER_NUMBER_OBJECT_CONVERSION = YES_AGGRESSIVE;
				CLANG_CXX_LANGUAGE_STANDARD = "gnu++14";
				CLANG_CXX_LIBRARY = "libc++";
				CLANG_ENABLE_MODULES = YES;
				CLANG_ENABLE_OBJC_ARC = YES;
				CLANG_ENABLE_OBJC_WEAK = YES;
				CLANG_WARN_BLOCK_CAPTURE_AUTORELEASING = YES;
				CLANG_WARN_BOOL_CONVERSION = YES;
				CLANG_WARN_COMMA = YES;
				CLANG_WARN_CONSTANT_CONVERSION = YES;
				CLANG_WARN_DEPRECATED_OBJC_IMPLEMENTATIONS = YES;
				CLANG_WARN_DIRECT_OBJC_ISA_USAGE = YES_ERROR;
				CLANG_WARN_DOCUMENTATION_COMMENTS = YES;
				CLANG_WARN_EMPTY_BODY = YES;
				CLANG_WARN_ENUM_CONVERSION = YES;
				CLANG_WARN_INFINITE_RECURSION = YES;
				CLANG_WARN_INT_CONVERSION = YES;
				CLANG_WARN_NON_LITERAL_NULL_CONVERSION = YES;
				CLANG_WARN_OBJC_IMPLICIT_RETAIN_SELF = YES;
				CLANG_WARN_OBJC_LITERAL_CONVERSION = YES;
				CLANG_WARN_OBJC_ROOT_CLASS = YES_ERROR;
				CLANG_WARN_RANGE_LOOP_ANALYSIS = YES;
				CLANG_WARN_STRICT_PROTOTYPES = YES;
				CLANG_WARN_SUSPICIOUS_MOVE = YES;
				CLANG_WARN_UNGUARDED_AVAILABILITY = YES_AGGRESSIVE;
				CLANG_WARN_UNREACHABLE_CODE = YES;
				CLANG_WARN__DUPLICATE_METHOD_MATCH = YES;
				CODE_SIGN_IDENTITY = "iPhone Developer";
				COPY_PHASE_STRIP = NO;
				DEBUG_INFORMATION_FORMAT = dwarf;
				ENABLE_STRICT_OBJC_MSGSEND = YES;
				ENABLE_TESTABILITY = YES;
				GCC_C_LANGUAGE_STANDARD = gnu11;
				GCC_DYNAMIC_NO_PIC = NO;
				GCC_NO_COMMON_BLOCKS = YES;
				GCC_OPTIMIZATION_LEVEL = 0;
				GCC_PREPROCESSOR_DEFINITIONS = (
					"DEBUG=1",
					"$(inherited)",
				);
				GCC_WARN_64_TO_32_BIT_CONVERSION = YES;
				GCC_WARN_ABOUT_RETURN_TYPE = YES_ERROR;
				GCC_WARN_UNDECLARED_SELECTOR = YES;
				GCC_WARN_UNINITIALIZED_AUTOS = YES_AGGRESSIVE;
				GCC_WARN_UNUSED_FUNCTION = YES;
				GCC_WARN_UNUSED_VARIABLE = YES;
				IPHONEOS_DEPLOYMENT_TARGET = 12.4;
				MTL_ENABLE_DEBUG_INFO = INCLUDE_SOURCE;
				MTL_FAST_MATH = YES;
				ONLY_ACTIVE_ARCH = YES;
				SDKROOT = iphoneos;
				SWIFT_ACTIVE_COMPILATION_CONDITIONS = DEBUG;
				SWIFT_OPTIMIZATION_LEVEL = "-Onone";
			};
			name = Debug;
		};
		FFEA88E922F2F62800E4A590 /* Release */ = {
			isa = XCBuildConfiguration;
			buildSettings = {
				ALWAYS_SEARCH_USER_PATHS = NO;
				CLANG_ANALYZER_NONNULL = YES;
				CLANG_ANALYZER_NUMBER_OBJECT_CONVERSION = YES_AGGRESSIVE;
				CLANG_CXX_LANGUAGE_STANDARD = "gnu++14";
				CLANG_CXX_LIBRARY = "libc++";
				CLANG_ENABLE_MODULES = YES;
				CLANG_ENABLE_OBJC_ARC = YES;
				CLANG_ENABLE_OBJC_WEAK = YES;
				CLANG_WARN_BLOCK_CAPTURE_AUTORELEASING = YES;
				CLANG_WARN_BOOL_CONVERSION = YES;
				CLANG_WARN_COMMA = YES;
				CLANG_WARN_CONSTANT_CONVERSION = YES;
				CLANG_WARN_DEPRECATED_OBJC_IMPLEMENTATIONS = YES;
				CLANG_WARN_DIRECT_OBJC_ISA_USAGE = YES_ERROR;
				CLANG_WARN_DOCUMENTATION_COMMENTS = YES;
				CLANG_WARN_EMPTY_BODY = YES;
				CLANG_WARN_ENUM_CONVERSION = YES;
				CLANG_WARN_INFINITE_RECURSION = YES;
				CLANG_WARN_INT_CONVERSION = YES;
				CLANG_WARN_NON_LITERAL_NULL_CONVERSION = YES;
				CLANG_WARN_OBJC_IMPLICIT_RETAIN_SELF = YES;
				CLANG_WARN_OBJC_LITERAL_CONVERSION = YES;
				CLANG_WARN_OBJC_ROOT_CLASS = YES_ERROR;
				CLANG_WARN_RANGE_LOOP_ANALYSIS = YES;
				CLANG_WARN_STRICT_PROTOTYPES = YES;
				CLANG_WARN_SUSPICIOUS_MOVE = YES;
				CLANG_WARN_UNGUARDED_AVAILABILITY = YES_AGGRESSIVE;
				CLANG_WARN_UNREACHABLE_CODE = YES;
				CLANG_WARN__DUPLICATE_METHOD_MATCH = YES;
				CODE_SIGN_IDENTITY = "iPhone Developer";
				COPY_PHASE_STRIP = NO;
				DEBUG_INFORMATION_FORMAT = "dwarf-with-dsym";
				ENABLE_NS_ASSERTIONS = NO;
				ENABLE_STRICT_OBJC_MSGSEND = YES;
				GCC_C_LANGUAGE_STANDARD = gnu11;
				GCC_NO_COMMON_BLOCKS = YES;
				GCC_WARN_64_TO_32_BIT_CONVERSION = YES;
				GCC_WARN_ABOUT_RETURN_TYPE = YES_ERROR;
				GCC_WARN_UNDECLARED_SELECTOR = YES;
				GCC_WARN_UNINITIALIZED_AUTOS = YES_AGGRESSIVE;
				GCC_WARN_UNUSED_FUNCTION = YES;
				GCC_WARN_UNUSED_VARIABLE = YES;
				IPHONEOS_DEPLOYMENT_TARGET = 12.4;
				MTL_ENABLE_DEBUG_INFO = NO;
				MTL_FAST_MATH = YES;
				SDKROOT = iphoneos;
				SWIFT_COMPILATION_MODE = wholemodule;
				SWIFT_OPTIMIZATION_LEVEL = "-O";
				VALIDATE_PRODUCT = YES;
			};
			name = Release;
		};
		FFEA88EB22F2F62800E4A590 /* Debug */ = {
			isa = XCBuildConfiguration;
			buildSettings = {
				ASSETCATALOG_COMPILER_APPICON_NAME = AppIcon;
				CODE_SIGN_STYLE = Automatic;
				DEVELOPMENT_TEAM = DLVL4AD94D;
				INFOPLIST_FILE = "Horse Shop/Info.plist";
				LD_RUNPATH_SEARCH_PATHS = (
					"$(inherited)",
					"@executable_path/Frameworks",
				);
				PRODUCT_BUNDLE_IDENTIFIER = "ru.kazakovanet.Horse-Shop";
				PRODUCT_NAME = "$(TARGET_NAME)";
				SWIFT_VERSION = 5.0;
				TARGETED_DEVICE_FAMILY = 1;
			};
			name = Debug;
		};
		FFEA88EC22F2F62800E4A590 /* Release */ = {
			isa = XCBuildConfiguration;
			buildSettings = {
				ASSETCATALOG_COMPILER_APPICON_NAME = AppIcon;
				CODE_SIGN_STYLE = Automatic;
				DEVELOPMENT_TEAM = DLVL4AD94D;
				INFOPLIST_FILE = "Horse Shop/Info.plist";
				LD_RUNPATH_SEARCH_PATHS = (
					"$(inherited)",
					"@executable_path/Frameworks",
				);
				PRODUCT_BUNDLE_IDENTIFIER = "ru.kazakovanet.Horse-Shop";
				PRODUCT_NAME = "$(TARGET_NAME)";
				SWIFT_VERSION = 5.0;
				TARGETED_DEVICE_FAMILY = 1;
			};
			name = Release;
		};
/* End XCBuildConfiguration section */

/* Begin XCConfigurationList section */
		FFEA88D322F2F62400E4A590 /* Build configuration list for PBXProject "Horse Shop" */ = {
			isa = XCConfigurationList;
			buildConfigurations = (
				FFEA88E822F2F62800E4A590 /* Debug */,
				FFEA88E922F2F62800E4A590 /* Release */,
			);
			defaultConfigurationIsVisible = 0;
			defaultConfigurationName = Release;
		};
		FFEA88EA22F2F62800E4A590 /* Build configuration list for PBXNativeTarget "Horse Shop" */ = {
			isa = XCConfigurationList;
			buildConfigurations = (
				FFEA88EB22F2F62800E4A590 /* Debug */,
				FFEA88EC22F2F62800E4A590 /* Release */,
			);
			defaultConfigurationIsVisible = 0;
			defaultConfigurationName = Release;
		};
/* End XCConfigurationList section */
	};
	rootObject = FFEA88D022F2F62400E4A590 /* Project object */;
}
